// !$*UTF8*$!
{
	archiveVersion = 1;
	classes = {
	};
	objectVersion = 55;
	objects = {

/* Begin PBXBuildFile section */
		3E37E829270FFB6300911A0F /* AppDelegate.swift in Sources */ = {isa = PBXBuildFile; fileRef = 3E37E828270FFB6300911A0F /* AppDelegate.swift */; };
		3E37E82B270FFB6300911A0F /* SceneDelegate.swift in Sources */ = {isa = PBXBuildFile; fileRef = 3E37E82A270FFB6300911A0F /* SceneDelegate.swift */; };
		3E37E82D270FFB6300911A0F /* ViewController.swift in Sources */ = {isa = PBXBuildFile; fileRef = 3E37E82C270FFB6300911A0F /* ViewController.swift */; };
		3E37E830270FFB6300911A0F /* Main.storyboard in Resources */ = {isa = PBXBuildFile; fileRef = 3E37E82E270FFB6300911A0F /* Main.storyboard */; };
		3E37E832270FFB6500911A0F /* Assets.xcassets in Resources */ = {isa = PBXBuildFile; fileRef = 3E37E831270FFB6500911A0F /* Assets.xcassets */; };
		3E37E835270FFB6500911A0F /* LaunchScreen.storyboard in Resources */ = {isa = PBXBuildFile; fileRef = 3E37E833270FFB6500911A0F /* LaunchScreen.storyboard */; };
		3E37E83D27100C6000911A0F /* MyTableViewCell.xib in Resources */ = {isa = PBXBuildFile; fileRef = 3E37E83C27100C6000911A0F /* MyTableViewCell.xib */; };
		3E37E83F27101C5D00911A0F /* MyTableViewCell.swift in Sources */ = {isa = PBXBuildFile; fileRef = 3E37E83E27101C5D00911A0F /* MyTableViewCell.swift */; };
		3EF93CF827103F3D00FE0EAC /* RealmData.swift in Sources */ = {isa = PBXBuildFile; fileRef = 3EF93CF727103F3D00FE0EAC /* RealmData.swift */; };
		DA500565B8C84789148D4E8A /* Pods_Dalbitsoft_MobileCodingTest.framework in Frameworks */ = {isa = PBXBuildFile; fileRef = C4D1A45A7706ABD1EB86AD30 /* Pods_Dalbitsoft_MobileCodingTest.framework */; };
/* End PBXBuildFile section */

/* Begin PBXFileReference section */
		3E37E825270FFB6300911A0F /* Dalbitsoft_MobileCodingTest.app */ = {isa = PBXFileReference; explicitFileType = wrapper.application; includeInIndex = 0; path = Dalbitsoft_MobileCodingTest.app; sourceTree = BUILT_PRODUCTS_DIR; };
		3E37E828270FFB6300911A0F /* AppDelegate.swift */ = {isa = PBXFileReference; lastKnownFileType = sourcecode.swift; path = AppDelegate.swift; sourceTree = "<group>"; };
		3E37E82A270FFB6300911A0F /* SceneDelegate.swift */ = {isa = PBXFileReference; lastKnownFileType = sourcecode.swift; path = SceneDelegate.swift; sourceTree = "<group>"; };
		3E37E82C270FFB6300911A0F /* ViewController.swift */ = {isa = PBXFileReference; lastKnownFileType = sourcecode.swift; path = ViewController.swift; sourceTree = "<group>"; };
		3E37E82F270FFB6300911A0F /* Base */ = {isa = PBXFileReference; lastKnownFileType = file.storyboard; name = Base; path = Base.lproj/Main.storyboard; sourceTree = "<group>"; };
		3E37E831270FFB6500911A0F /* Assets.xcassets */ = {isa = PBXFileReference; lastKnownFileType = folder.assetcatalog; path = Assets.xcassets; sourceTree = "<group>"; };
		3E37E834270FFB6500911A0F /* Base */ = {isa = PBXFileReference; lastKnownFileType = file.storyboard; name = Base; path = Base.lproj/LaunchScreen.storyboard; sourceTree = "<group>"; };
		3E37E836270FFB6500911A0F /* Info.plist */ = {isa = PBXFileReference; lastKnownFileType = text.plist.xml; path = Info.plist; sourceTree = "<group>"; };
		3E37E83C27100C6000911A0F /* MyTableViewCell.xib */ = {isa = PBXFileReference; lastKnownFileType = file.xib; path = MyTableViewCell.xib; sourceTree = "<group>"; };
		3E37E83E27101C5D00911A0F /* MyTableViewCell.swift */ = {isa = PBXFileReference; lastKnownFileType = sourcecode.swift; path = MyTableViewCell.swift; sourceTree = "<group>"; };
		3EF93CF727103F3D00FE0EAC /* RealmData.swift */ = {isa = PBXFileReference; lastKnownFileType = sourcecode.swift; name = RealmData.swift; path = /Users/seongmin/Downloads/Dalbitsoft_MobileCodingTest/Dalbitsoft_MobileCodingTest/RealmData.swift; sourceTree = "<absolute>"; };
		65AE77B6392F671B7854DADE /* Pods-Dalbitsoft_MobileCodingTest.debug.xcconfig */ = {isa = PBXFileReference; includeInIndex = 1; lastKnownFileType = text.xcconfig; name = "Pods-Dalbitsoft_MobileCodingTest.debug.xcconfig"; path = "Target Support Files/Pods-Dalbitsoft_MobileCodingTest/Pods-Dalbitsoft_MobileCodingTest.debug.xcconfig"; sourceTree = "<group>"; };
		C4D1A45A7706ABD1EB86AD30 /* Pods_Dalbitsoft_MobileCodingTest.framework */ = {isa = PBXFileReference; explicitFileType = wrapper.framework; includeInIndex = 0; path = Pods_Dalbitsoft_MobileCodingTest.framework; sourceTree = BUILT_PRODUCTS_DIR; };
		D2923C52ADB785DBED627CBD /* Pods-Dalbitsoft_MobileCodingTest.release.xcconfig */ = {isa = PBXFileReference; includeInIndex = 1; lastKnownFileType = text.xcconfig; name = "Pods-Dalbitsoft_MobileCodingTest.release.xcconfig"; path = "Target Support Files/Pods-Dalbitsoft_MobileCodingTest/Pods-Dalbitsoft_MobileCodingTest.release.xcconfig"; sourceTree = "<group>"; };
/* End PBXFileReference section */

/* Begin PBXFrameworksBuildPhase section */
		3E37E822270FFB6300911A0F /* Frameworks */ = {
			isa = PBXFrameworksBuildPhase;
			buildActionMask = 2147483647;
			files = (
				DA500565B8C84789148D4E8A /* Pods_Dalbitsoft_MobileCodingTest.framework in Frameworks */,
			);
			runOnlyForDeploymentPostprocessing = 0;
		};
/* End PBXFrameworksBuildPhase section */

/* Begin PBXGroup section */
		3E37E81C270FFB6300911A0F = {
			isa = PBXGroup;
			children = (
				3E37E827270FFB6300911A0F /* Dalbitsoft_MobileCodingTest */,
				3E37E826270FFB6300911A0F /* Products */,
				98CB1C526102F171075A8FA1 /* Pods */,
				CA969C9BE1217BDF73967C76 /* Frameworks */,
			);
			sourceTree = "<group>";
		};
		3E37E826270FFB6300911A0F /* Products */ = {
			isa = PBXGroup;
			children = (
				3E37E825270FFB6300911A0F /* Dalbitsoft_MobileCodingTest.app */,
			);
			name = Products;
			sourceTree = "<group>";
		};
		3E37E827270FFB6300911A0F /* Dalbitsoft_MobileCodingTest */ = {
			isa = PBXGroup;
			children = (
				3EF93CF727103F3D00FE0EAC /* RealmData.swift */,
				3E37E828270FFB6300911A0F /* AppDelegate.swift */,
				3E37E82A270FFB6300911A0F /* SceneDelegate.swift */,
				3E37E82C270FFB6300911A0F /* ViewController.swift */,
				3E37E83E27101C5D00911A0F /* MyTableViewCell.swift */,
				3E37E82E270FFB6300911A0F /* Main.storyboard */,
				3E37E83C27100C6000911A0F /* MyTableViewCell.xib */,
				3E37E831270FFB6500911A0F /* Assets.xcassets */,
				3E37E833270FFB6500911A0F /* LaunchScreen.storyboard */,
				3E37E836270FFB6500911A0F /* Info.plist */,
			);
			path = Dalbitsoft_MobileCodingTest;
			sourceTree = "<group>";
		};
		98CB1C526102F171075A8FA1 /* Pods */ = {
			isa = PBXGroup;
			children = (
				65AE77B6392F671B7854DADE /* Pods-Dalbitsoft_MobileCodingTest.debug.xcconfig */,
				D2923C52ADB785DBED627CBD /* Pods-Dalbitsoft_MobileCodingTest.release.xcconfig */,
			);
			path = Pods;
			sourceTree = "<group>";
		};
		CA969C9BE1217BDF73967C76 /* Frameworks */ = {
			isa = PBXGroup;
			children = (
				C4D1A45A7706ABD1EB86AD30 /* Pods_Dalbitsoft_MobileCodingTest.framework */,
			);
			name = Frameworks;
			sourceTree = "<group>";
		};
/* End PBXGroup section */

/* Begin PBXNativeTarget section */
		3E37E824270FFB6300911A0F /* Dalbitsoft_MobileCodingTest */ = {
			isa = PBXNativeTarget;
			buildConfigurationList = 3E37E839270FFB6500911A0F /* Build configuration list for PBXNativeTarget "Dalbitsoft_MobileCodingTest" */;
			buildPhases = (
				2E3B890ECDEBC37757F2F771 /* [CP] Check Pods Manifest.lock */,
				3E37E821270FFB6300911A0F /* Sources */,
				3E37E822270FFB6300911A0F /* Frameworks */,
				3E37E823270FFB6300911A0F /* Resources */,
				901108F080BCAD5AFDDEC313 /* [CP] Embed Pods Frameworks */,
			);
			buildRules = (
			);
			dependencies = (
			);
			name = Dalbitsoft_MobileCodingTest;
			productName = Dalbitsoft_MobileCodingTest;
			productReference = 3E37E825270FFB6300911A0F /* Dalbitsoft_MobileCodingTest.app */;
			productType = "com.apple.product-type.application";
		};
/* End PBXNativeTarget section */

/* Begin PBXProject section */
		3E37E81D270FFB6300911A0F /* Project object */ = {
			isa = PBXProject;
			attributes = {
				BuildIndependentTargetsInParallel = 1;
				LastSwiftUpdateCheck = 1300;
				LastUpgradeCheck = 1300;
				TargetAttributes = {
					3E37E824270FFB6300911A0F = {
						CreatedOnToolsVersion = 13.0;
					};
				};
			};
			buildConfigurationList = 3E37E820270FFB6300911A0F /* Build configuration list for PBXProject "Dalbitsoft_MobileCodingTest" */;
			compatibilityVersion = "Xcode 13.0";
			developmentRegion = en;
			hasScannedForEncodings = 0;
			knownRegions = (
				en,
				Base,
			);
			mainGroup = 3E37E81C270FFB6300911A0F;
			productRefGroup = 3E37E826270FFB6300911A0F /* Products */;
			projectDirPath = "";
			projectRoot = "";
			targets = (
				3E37E824270FFB6300911A0F /* Dalbitsoft_MobileCodingTest */,
			);
		};
/* End PBXProject section */

/* Begin PBXResourcesBuildPhase section */
		3E37E823270FFB6300911A0F /* Resources */ = {
			isa = PBXResourcesBuildPhase;
			buildActionMask = 2147483647;
			files = (
				3E37E835270FFB6500911A0F /* LaunchScreen.storyboard in Resources */,
				3E37E83D27100C6000911A0F /* MyTableViewCell.xib in Resources */,
				3E37E832270FFB6500911A0F /* Assets.xcassets in Resources */,
				3E37E830270FFB6300911A0F /* Main.storyboard in Resources */,
			);
			runOnlyForDeploymentPostprocessing = 0;
		};
/* End PBXResourcesBuildPhase section */

/* Begin PBXShellScriptBuildPhase section */
		2E3B890ECDEBC37757F2F771 /* [CP] Check Pods Manifest.lock */ = {
			isa = PBXShellScriptBuildPhase;
			buildActionMask = 2147483647;
			files = (
			);
			inputFileListPaths = (
			);
			inputPaths = (
				"${PODS_PODFILE_DIR_PATH}/Podfile.lock",
				"${PODS_ROOT}/Manifest.lock",
			);
			name = "[CP] Check Pods Manifest.lock";
			outputFileListPaths = (
			);
			outputPaths = (
				"$(DERIVED_FILE_DIR)/Pods-Dalbitsoft_MobileCodingTest-checkManifestLockResult.txt",
			);
			runOnlyForDeploymentPostprocessing = 0;
			shellPath = /bin/sh;
			shellScript = "diff \"${PODS_PODFILE_DIR_PATH}/Podfile.lock\" \"${PODS_ROOT}/Manifest.lock\" > /dev/null\nif [ $? != 0 ] ; then\n    # print error to STDERR\n    echo \"error: The sandbox is not in sync with the Podfile.lock. Run 'pod install' or update your CocoaPods installation.\" >&2\n    exit 1\nfi\n# This output is used by Xcode 'outputs' to avoid re-running this script phase.\necho \"SUCCESS\" > \"${SCRIPT_OUTPUT_FILE_0}\"\n";
			showEnvVarsInLog = 0;
		};
		901108F080BCAD5AFDDEC313 /* [CP] Embed Pods Frameworks */ = {
			isa = PBXShellScriptBuildPhase;
			buildActionMask = 2147483647;
			files = (
			);
			inputFileListPaths = (
				"${PODS_ROOT}/Target Support Files/Pods-Dalbitsoft_MobileCodingTest/Pods-Dalbitsoft_MobileCodingTest-frameworks-${CONFIGURATION}-input-files.xcfilelist",
			);
			name = "[CP] Embed Pods Frameworks";
			outputFileListPaths = (
				"${PODS_ROOT}/Target Support Files/Pods-Dalbitsoft_MobileCodingTest/Pods-Dalbitsoft_MobileCodingTest-frameworks-${CONFIGURATION}-output-files.xcfilelist",
			);
			runOnlyForDeploymentPostprocessing = 0;
			shellPath = /bin/sh;
			shellScript = "\"${PODS_ROOT}/Target Support Files/Pods-Dalbitsoft_MobileCodingTest/Pods-Dalbitsoft_MobileCodingTest-frameworks.sh\"\n";
			showEnvVarsInLog = 0;
		};
/* End PBXShellScriptBuildPhase section */

/* Begin PBXSourcesBuildPhase section */
		3E37E821270FFB6300911A0F /* Sources */ = {
			isa = PBXSourcesBuildPhase;
			buildActionMask = 2147483647;
			files = (
				3E37E82D270FFB6300911A0F /* ViewController.swift in Sources */,
				3E37E83F27101C5D00911A0F /* MyTableViewCell.swift in Sources */,
				3EF93CF827103F3D00FE0EAC /* RealmData.swift in Sources */,
				3E37E829270FFB6300911A0F /* AppDelegate.swift in Sources */,
				3E37E82B270FFB6300911A0F /* SceneDelegate.swift in Sources */,
			);
			runOnlyForDeploymentPostprocessing = 0;
		};
/* End PBXSourcesBuildPhase section */

/* Begin PBXVariantGroup section */
		3E37E82E270FFB6300911A0F /* Main.storyboard */ = {
			isa = PBXVariantGroup;
			children = (
				3E37E82F270FFB6300911A0F /* Base */,
			);
			name = Main.storyboard;
			sourceTree = "<group>";
		};
		3E37E833270FFB6500911A0F /* LaunchScreen.storyboard */ = {
			isa = PBXVariantGroup;
			children = (
				3E37E834270FFB6500911A0F /* Base */,
			);
			name = LaunchScreen.storyboard;
			sourceTree = "<group>";
		};
/* End PBXVariantGroup section */

/* Begin XCBuildConfiguration section */
		3E37E837270FFB6500911A0F /* Debug */ = {
			isa = XCBuildConfiguration;
			buildSettings = {
				ALWAYS_SEARCH_USER_PATHS = NO;
				CLANG_ANALYZER_NONNULL = YES;
				CLANG_ANALYZER_NUMBER_OBJECT_CONVERSION = YES_AGGRESSIVE;
				CLANG_CXX_LANGUAGE_STANDARD = "gnu++17";
				CLANG_CXX_LIBRARY = "libc++";
				CLANG_ENABLE_MODULES = YES;
				CLANG_ENABLE_OBJC_ARC = YES;
				CLANG_ENABLE_OBJC_WEAK = YES;
				CLANG_WARN_BLOCK_CAPTURE_AUTORELEASING = YES;
				CLANG_WARN_BOOL_CONVERSION = YES;
				CLANG_WARN_COMMA = YES;
				CLANG_WARN_CONSTANT_CONVERSION = YES;
				CLANG_WARN_DEPRECATED_OBJC_IMPLEMENTATIONS = YES;
				CLANG_WARN_DIRECT_OBJC_ISA_USAGE = YES_ERROR;
				CLANG_WARN_DOCUMENTATION_COMMENTS = YES;
				CLANG_WARN_EMPTY_BODY = YES;
				CLANG_WARN_ENUM_CONVERSION = YES;
				CLANG_WARN_INFINITE_RECURSION = YES;
				CLANG_WARN_INT_CONVERSION = YES;
				CLANG_WARN_NON_LITERAL_NULL_CONVERSION = YES;
				CLANG_WARN_OBJC_IMPLICIT_RETAIN_SELF = YES;
				CLANG_WARN_OBJC_LITERAL_CONVERSION = YES;
				CLANG_WARN_OBJC_ROOT_CLASS = YES_ERROR;
				CLANG_WARN_QUOTED_INCLUDE_IN_FRAMEWORK_HEADER = YES;
				CLANG_WARN_RANGE_LOOP_ANALYSIS = YES;
				CLANG_WARN_STRICT_PROTOTYPES = YES;
				CLANG_WARN_SUSPICIOUS_MOVE = YES;
				CLANG_WARN_UNGUARDED_AVAILABILITY = YES_AGGRESSIVE;
				CLANG_WARN_UNREACHABLE_CODE = YES;
				CLANG_WARN__DUPLICATE_METHOD_MATCH = YES;
				COPY_PHASE_STRIP = NO;
				DEBUG_INFORMATION_FORMAT = dwarf;
				ENABLE_STRICT_OBJC_MSGSEND = YES;
				ENABLE_TESTABILITY = YES;
				GCC_C_LANGUAGE_STANDARD = gnu11;
				GCC_DYNAMIC_NO_PIC = NO;
				GCC_NO_COMMON_BLOCKS = YES;
				GCC_OPTIMIZATION_LEVEL = 0;
				GCC_PREPROCESSOR_DEFINITIONS = (
					"DEBUG=1",
					"$(inherited)",
				);
				GCC_WARN_64_TO_32_BIT_CONVERSION = YES;
				GCC_WARN_ABOUT_RETURN_TYPE = YES_ERROR;
				GCC_WARN_UNDECLARED_SELECTOR = YES;
				GCC_WARN_UNINITIALIZED_AUTOS = YES_AGGRESSIVE;
				GCC_WARN_UNUSED_FUNCTION = YES;
				GCC_WARN_UNUSED_VARIABLE = YES;
				IPHONEOS_DEPLOYMENT_TARGET = 15.0;
				MTL_ENABLE_DEBUG_INFO = INCLUDE_SOURCE;
				MTL_FAST_MATH = YES;
				ONLY_ACTIVE_ARCH = YES;
				SDKROOT = iphoneos;
				SWIFT_ACTIVE_COMPILATION_CONDITIONS = DEBUG;
				SWIFT_OPTIMIZATION_LEVEL = "-Onone";
			};
			name = Debug;
		};
		3E37E838270FFB6500911A0F /* Release */ = {
			isa = XCBuildConfiguration;
			buildSettings = {
				ALWAYS_SEARCH_USER_PATHS = NO;
				CLANG_ANALYZER_NONNULL = YES;
				CLANG_ANALYZER_NUMBER_OBJECT_CONVERSION = YES_AGGRESSIVE;
				CLANG_CXX_LANGUAGE_STANDARD = "gnu++17";
				CLANG_CXX_LIBRARY = "libc++";
				CLANG_ENABLE_MODULES = YES;
				CLANG_ENABLE_OBJC_ARC = YES;
				CLANG_ENABLE_OBJC_WEAK = YES;
				CLANG_WARN_BLOCK_CAPTURE_AUTORELEASING = YES;
				CLANG_WARN_BOOL_CONVERSION = YES;
				CLANG_WARN_COMMA = YES;
				CLANG_WARN_CONSTANT_CONVERSION = YES;
				CLANG_WARN_DEPRECATED_OBJC_IMPLEMENTATIONS = YES;
				CLANG_WARN_DIRECT_OBJC_ISA_USAGE = YES_ERROR;
				CLANG_WARN_DOCUMENTATION_COMMENTS = YES;
				CLANG_WARN_EMPTY_BODY = YES;
				CLANG_WARN_ENUM_CONVERSION = YES;
				CLANG_WARN_INFINITE_RECURSION = YES;
				CLANG_WARN_INT_CONVERSION = YES;
				CLANG_WARN_NON_LITERAL_NULL_CONVERSION = YES;
				CLANG_WARN_OBJC_IMPLICIT_RETAIN_SELF = YES;
				CLANG_WARN_OBJC_LITERAL_CONVERSION = YES;
				CLANG_WARN_OBJC_ROOT_CLASS = YES_ERROR;
				CLANG_WARN_QUOTED_INCLUDE_IN_FRAMEWORK_HEADER = YES;
				CLANG_WARN_RANGE_LOOP_ANALYSIS = YES;
				CLANG_WARN_STRICT_PROTOTYPES = YES;
				CLANG_WARN_SUSPICIOUS_MOVE = YES;
				CLANG_WARN_UNGUARDED_AVAILABILITY = YES_AGGRESSIVE;
				CLANG_WARN_UNREACHABLE_CODE = YES;
				CLANG_WARN__DUPLICATE_METHOD_MATCH = YES;
				COPY_PHASE_STRIP = NO;
				DEBUG_INFORMATION_FORMAT = "dwarf-with-dsym";
				ENABLE_NS_ASSERTIONS = NO;
				ENABLE_STRICT_OBJC_MSGSEND = YES;
				GCC_C_LANGUAGE_STANDARD = gnu11;
				GCC_NO_COMMON_BLOCKS = YES;
				GCC_WARN_64_TO_32_BIT_CONVERSION = YES;
				GCC_WARN_ABOUT_RETURN_TYPE = YES_ERROR;
				GCC_WARN_UNDECLARED_SELECTOR = YES;
				GCC_WARN_UNINITIALIZED_AUTOS = YES_AGGRESSIVE;
				GCC_WARN_UNUSED_FUNCTION = YES;
				GCC_WARN_UNUSED_VARIABLE = YES;
				IPHONEOS_DEPLOYMENT_TARGET = 15.0;
				MTL_ENABLE_DEBUG_INFO = NO;
				MTL_FAST_MATH = YES;
				SDKROOT = iphoneos;
				SWIFT_COMPILATION_MODE = wholemodule;
				SWIFT_OPTIMIZATION_LEVEL = "-O";
				VALIDATE_PRODUCT = YES;
			};
			name = Release;
		};
		3E37E83A270FFB6500911A0F /* Debug */ = {
			isa = XCBuildConfiguration;
			baseConfigurationReference = 65AE77B6392F671B7854DADE /* Pods-Dalbitsoft_MobileCodingTest.debug.xcconfig */;
			buildSettings = {
				ASSETCATALOG_COMPILER_APPICON_NAME = AppIcon;
				ASSETCATALOG_COMPILER_GLOBAL_ACCENT_COLOR_NAME = AccentColor;
				CODE_SIGN_STYLE = Automatic;
				CURRENT_PROJECT_VERSION = 1;
				DEVELOPMENT_TEAM = BR8CN8N4Y6;
				GENERATE_INFOPLIST_FILE = YES;
				INFOPLIST_FILE = Dalbitsoft_MobileCodingTest/Info.plist;
				INFOPLIST_KEY_UIApplicationSupportsIndirectInputEvents = YES;
				INFOPLIST_KEY_UILaunchStoryboardName = LaunchScreen;
				INFOPLIST_KEY_UIMainStoryboardFile = Main;
				INFOPLIST_KEY_UISupportedInterfaceOrientations = "";
				INFOPLIST_KEY_UISupportedInterfaceOrientations_iPad = "UIInterfaceOrientationPortrait UIInterfaceOrientationPortraitUpsideDown UIInterfaceOrientationLandscapeLeft UIInterfaceOrientationLandscapeRight";
				INFOPLIST_KEY_UISupportedInterfaceOrientations_iPhone = "UIInterfaceOrientationPortrait UIInterfaceOrientationLandscapeLeft UIInterfaceOrientationLandscapeRight";
				LD_RUNPATH_SEARCH_PATHS = (
					"$(inherited)",
					"@executable_path/Frameworks",
				);
				MARKETING_VERSION = 1.0;
				PRODUCT_BUNDLE_IDENTIFIER = "com.SeongMinK.Dalbitsoft-MobileCodingTest";
				PRODUCT_NAME = "$(TARGET_NAME)";
				SWIFT_EMIT_LOC_STRINGS = YES;
				SWIFT_VERSION = 5.0;
				TARGETED_DEVICE_FAMILY = "1,2";
			};
			name = Debug;
		};
		3E37E83B270FFB6500911A0F /* Release */ = {
			isa = XCBuildConfiguration;
			baseConfigurationReference = D2923C52ADB785DBED627CBD /* Pods-Dalbitsoft_MobileCodingTest.release.xcconfig */;
			buildSettings = {
				ASSETCATALOG_COMPILER_APPICON_NAME = AppIcon;
				ASSETCATALOG_COMPILER_GLOBAL_ACCENT_COLOR_NAME = AccentColor;
				CODE_SIGN_STYLE = Automatic;
				CURRENT_PROJECT_VERSION = 1;
				DEVELOPMENT_TEAM = BR8CN8N4Y6;
				GENERATE_INFOPLIST_FILE = YES;
				INFOPLIST_FILE = Dalbitsoft_MobileCodingTest/Info.plist;
				INFOPLIST_KEY_UIApplicationSupportsIndirectInputEvents = YES;
				INFOPLIST_KEY_UILaunchStoryboardName = LaunchScreen;
				INFOPLIST_KEY_UIMainStoryboardFile = Main;
				INFOPLIST_KEY_UISupportedInterfaceOrientations = "";
				INFOPLIST_KEY_UISupportedInterfaceOrientations_iPad = "UIInterfaceOrientationPortrait UIInterfaceOrientationPortraitUpsideDown UIInterfaceOrientationLandscapeLeft UIInterfaceOrientationLandscapeRight";
				INFOPLIST_KEY_UISupportedInterfaceOrientations_iPhone = "UIInterfaceOrientationPortrait UIInterfaceOrientationLandscapeLeft UIInterfaceOrientationLandscapeRight";
				LD_RUNPATH_SEARCH_PATHS = (
					"$(inherited)",
					"@executable_path/Frameworks",
				);
				MARKETING_VERSION = 1.0;
				PRODUCT_BUNDLE_IDENTIFIER = "com.SeongMinK.Dalbitsoft-MobileCodingTest";
				PRODUCT_NAME = "$(TARGET_NAME)";
				SWIFT_EMIT_LOC_STRINGS = YES;
				SWIFT_VERSION = 5.0;
				TARGETED_DEVICE_FAMILY = "1,2";
			};
			name = Release;
		};
/* End XCBuildConfiguration section */

/* Begin XCConfigurationList section */
		3E37E820270FFB6300911A0F /* Build configuration list for PBXProject "Dalbitsoft_MobileCodingTest" */ = {
			isa = XCConfigurationList;
			buildConfigurations = (
				3E37E837270FFB6500911A0F /* Debug */,
				3E37E838270FFB6500911A0F /* Release */,
			);
			defaultConfigurationIsVisible = 0;
			defaultConfigurationName = Release;
		};
		3E37E839270FFB6500911A0F /* Build configuration list for PBXNativeTarget "Dalbitsoft_MobileCodingTest" */ = {
			isa = XCConfigurationList;
			buildConfigurations = (
				3E37E83A270FFB6500911A0F /* Debug */,
				3E37E83B270FFB6500911A0F /* Release */,
			);
			defaultConfigurationIsVisible = 0;
			defaultConfigurationName = Release;
		};
/* End XCConfigurationList section */
	};
	rootObject = 3E37E81D270FFB6300911A0F /* Project object */;
}
